
Microsoft Visual Studio Solution File, Format Version 12.00
# Visual Studio Version 17
VisualStudioVersion = 17.8.34408.163
MinimumVisualStudioVersion = 10.0.40219.1
Project("{FAE04EC0-301F-11D3-BF4B-00C04F79EFBC}") = "Exercício 9", "Exercício 9\Exercício 9.csproj", "{BE6F6222-76C9-4C51-B6F6-7227539E8932}"
EndProject
Global
	GlobalSection(SolutionConfigurationPlatforms) = preSolution
		Debug|Any CPU = Debug|Any CPU
		Release|Any CPU = Release|Any CPU
	EndGlobalSection
	GlobalSection(ProjectConfigurationPlatforms) = postSolution
		{BE6F6222-76C9-4C51-B6F6-7227539E8932}.Debug|Any CPU.ActiveCfg = Debug|Any CPU
		{BE6F6222-76C9-4C51-B6F6-7227539E8932}.Debug|Any CPU.Build.0 = Debug|Any CPU
		{BE6F6222-76C9-4C51-B6F6-7227539E8932}.Release|Any CPU.ActiveCfg = Release|Any CPU
		{BE6F6222-76C9-4C51-B6F6-7227539E8932}.Release|Any CPU.Build.0 = Release|Any CPU
	EndGlobalSection
	GlobalSection(SolutionProperties) = preSolution
		HideSolutionNode = FALSE
	EndGlobalSection
	GlobalSection(ExtensibilityGlobals) = postSolution
		SolutionGuid = {11E4CA8B-027C-4329-9B5B-8671FF29BAA8}
	EndGlobalSection
EndGlobal
